
Microsoft Visual Studio Solution File, Format Version 12.00
# Visual Studio Version 17
VisualStudioVersion = 17.4.33110.190
MinimumVisualStudioVersion = 10.0.40219.1
Project("{FAE04EC0-301F-11D3-BF4B-00C04F79EFBC}") = "MultiVerse", "MultiVerse\MultiVerse.csproj", "{BBC516E2-59F8-4039-88D5-70EF10BDC339}"
EndProject
Global
	GlobalSection(SolutionConfigurationPlatforms) = preSolution
		Debug|Any CPU = Debug|Any CPU
		Release|Any CPU = Release|Any CPU
	EndGlobalSection
	GlobalSection(ProjectConfigurationPlatforms) = postSolution
		{BBC516E2-59F8-4039-88D5-70EF10BDC339}.Debug|Any CPU.ActiveCfg = Debug|Any CPU
		{BBC516E2-59F8-4039-88D5-70EF10BDC339}.Debug|Any CPU.Build.0 = Debug|Any CPU
		{BBC516E2-59F8-4039-88D5-70EF10BDC339}.Release|Any CPU.ActiveCfg = Release|Any CPU
		{BBC516E2-59F8-4039-88D5-70EF10BDC339}.Release|Any CPU.Build.0 = Release|Any CPU
	EndGlobalSection
	GlobalSection(SolutionProperties) = preSolution
		HideSolutionNode = FALSE
	EndGlobalSection
	GlobalSection(ExtensibilityGlobals) = postSolution
		SolutionGuid = {B75CCD95-D0D9-4C61-8DB7-632803850651}
	EndGlobalSection
EndGlobal
